// !$*UTF8*$!
{
	archiveVersion = 1;
	classes = {
	};
	objectVersion = 50;
	objects = {

/* Begin PBXBuildFile section */
		54358C0420CDED1D002F7457 /* AppDelegate.swift in Sources */ = {isa = PBXBuildFile; fileRef = 54358C0320CDED1D002F7457 /* AppDelegate.swift */; };
		54358C0620CDED1D002F7457 /* ViewController.swift in Sources */ = {isa = PBXBuildFile; fileRef = 54358C0520CDED1D002F7457 /* ViewController.swift */; };
		54358C0920CDED1D002F7457 /* Main.storyboard in Resources */ = {isa = PBXBuildFile; fileRef = 54358C0720CDED1D002F7457 /* Main.storyboard */; };
		54358C0B20CDED1D002F7457 /* Assets.xcassets in Resources */ = {isa = PBXBuildFile; fileRef = 54358C0A20CDED1D002F7457 /* Assets.xcassets */; };
		54358C0E20CDED1D002F7457 /* LaunchScreen.storyboard in Resources */ = {isa = PBXBuildFile; fileRef = 54358C0C20CDED1D002F7457 /* LaunchScreen.storyboard */; };
		54358C1720CDEE76002F7457 /* SceneKit.framework in Frameworks */ = {isa = PBXBuildFile; fileRef = 54358C1620CDEE76002F7457 /* SceneKit.framework */; };
		54358C1920CDEE7A002F7457 /* ARKit.framework in Frameworks */ = {isa = PBXBuildFile; fileRef = 54358C1820CDEE7A002F7457 /* ARKit.framework */; };
/* End PBXBuildFile section */

/* Begin PBXFileReference section */
		54358C0020CDED1D002F7457 /* ARReset.app */ = {isa = PBXFileReference; explicitFileType = wrapper.application; includeInIndex = 0; path = ARReset.app; sourceTree = BUILT_PRODUCTS_DIR; };
		54358C0320CDED1D002F7457 /* AppDelegate.swift */ = {isa = PBXFileReference; lastKnownFileType = sourcecode.swift; path = AppDelegate.swift; sourceTree = "<group>"; };
		54358C0520CDED1D002F7457 /* ViewController.swift */ = {isa = PBXFileReference; lastKnownFileType = sourcecode.swift; path = ViewController.swift; sourceTree = "<group>"; };
		54358C0820CDED1D002F7457 /* Base */ = {isa = PBXFileReference; lastKnownFileType = file.storyboard; name = Base; path = Base.lproj/Main.storyboard; sourceTree = "<group>"; };
		54358C0A20CDED1D002F7457 /* Assets.xcassets */ = {isa = PBXFileReference; lastKnownFileType = folder.assetcatalog; path = Assets.xcassets; sourceTree = "<group>"; };
		54358C0D20CDED1D002F7457 /* Base */ = {isa = PBXFileReference; lastKnownFileType = file.storyboard; name = Base; path = Base.lproj/LaunchScreen.storyboard; sourceTree = "<group>"; };
		54358C0F20CDED1D002F7457 /* Info.plist */ = {isa = PBXFileReference; lastKnownFileType = text.plist.xml; path = Info.plist; sourceTree = "<group>"; };
		54358C1620CDEE76002F7457 /* SceneKit.framework */ = {isa = PBXFileReference; lastKnownFileType = wrapper.framework; name = SceneKit.framework; path = System/Library/Frameworks/SceneKit.framework; sourceTree = SDKROOT; };
		54358C1820CDEE7A002F7457 /* ARKit.framework */ = {isa = PBXFileReference; lastKnownFileType = wrapper.framework; name = ARKit.framework; path = System/Library/Frameworks/ARKit.framework; sourceTree = SDKROOT; };
/* End PBXFileReference section */

/* Begin PBXFrameworksBuildPhase section */
		54358BFD20CDED1D002F7457 /* Frameworks */ = {
			isa = PBXFrameworksBuildPhase;
			buildActionMask = 2147483647;
			files = (
				54358C1920CDEE7A002F7457 /* ARKit.framework in Frameworks */,
				54358C1720CDEE76002F7457 /* SceneKit.framework in Frameworks */,
			);
			runOnlyForDeploymentPostprocessing = 0;
		};
/* End PBXFrameworksBuildPhase section */

/* Begin PBXGroup section */
		54358BF720CDED1D002F7457 = {
			isa = PBXGroup;
			children = (
				54358C0220CDED1D002F7457 /* ARReset */,
				54358C0120CDED1D002F7457 /* Products */,
				54358C1520CDEE76002F7457 /* Frameworks */,
			);
			sourceTree = "<group>";
		};
		54358C0120CDED1D002F7457 /* Products */ = {
			isa = PBXGroup;
			children = (
				54358C0020CDED1D002F7457 /* ARReset.app */,
			);
			name = Products;
			sourceTree = "<group>";
		};
		54358C0220CDED1D002F7457 /* ARReset */ = {
			isa = PBXGroup;
			children = (
				54358C0320CDED1D002F7457 /* AppDelegate.swift */,
				54358C0520CDED1D002F7457 /* ViewController.swift */,
				54358C0720CDED1D002F7457 /* Main.storyboard */,
				54358C0A20CDED1D002F7457 /* Assets.xcassets */,
				54358C0C20CDED1D002F7457 /* LaunchScreen.storyboard */,
				54358C0F20CDED1D002F7457 /* Info.plist */,
			);
			path = ARReset;
			sourceTree = "<group>";
		};
		54358C1520CDEE76002F7457 /* Frameworks */ = {
			isa = PBXGroup;
			children = (
				54358C1820CDEE7A002F7457 /* ARKit.framework */,
				54358C1620CDEE76002F7457 /* SceneKit.framework */,
			);
			name = Frameworks;
			sourceTree = "<group>";
		};
/* End PBXGroup section */

/* Begin PBXNativeTarget section */
		54358BFF20CDED1D002F7457 /* ARReset */ = {
			isa = PBXNativeTarget;
			buildConfigurationList = 54358C1220CDED1D002F7457 /* Build configuration list for PBXNativeTarget "ARReset" */;
			buildPhases = (
				54358BFC20CDED1D002F7457 /* Sources */,
				54358BFD20CDED1D002F7457 /* Frameworks */,
				54358BFE20CDED1D002F7457 /* Resources */,
			);
			buildRules = (
			);
			dependencies = (
			);
			name = ARReset;
			productName = ARReset;
			productReference = 54358C0020CDED1D002F7457 /* ARReset.app */;
			productType = "com.apple.product-type.application";
		};
/* End PBXNativeTarget section */

/* Begin PBXProject section */
		54358BF820CDED1D002F7457 /* Project object */ = {
			isa = PBXProject;
			attributes = {
				LastSwiftUpdateCheck = 0940;
				LastUpgradeCheck = 0940;
				ORGANIZATIONNAME = "Godlike Studio";
				TargetAttributes = {
					54358BFF20CDED1D002F7457 = {
						CreatedOnToolsVersion = 9.4;
					};
				};
			};
			buildConfigurationList = 54358BFB20CDED1D002F7457 /* Build configuration list for PBXProject "ARReset" */;
			compatibilityVersion = "Xcode 9.3";
			developmentRegion = en;
			hasScannedForEncodings = 0;
			knownRegions = (
				en,
				Base,
			);
			mainGroup = 54358BF720CDED1D002F7457;
			productRefGroup = 54358C0120CDED1D002F7457 /* Products */;
			projectDirPath = "";
			projectRoot = "";
			targets = (
				54358BFF20CDED1D002F7457 /* ARReset */,
			);
		};
/* End PBXProject section */

/* Begin PBXResourcesBuildPhase section */
		54358BFE20CDED1D002F7457 /* Resources */ = {
			isa = PBXResourcesBuildPhase;
			buildActionMask = 2147483647;
			files = (
				54358C0E20CDED1D002F7457 /* LaunchScreen.storyboard in Resources */,
				54358C0B20CDED1D002F7457 /* Assets.xcassets in Resources */,
				54358C0920CDED1D002F7457 /* Main.storyboard in Resources */,
			);
			runOnlyForDeploymentPostprocessing = 0;
		};
/* End PBXResourcesBuildPhase section */

/* Begin PBXSourcesBuildPhase section */
		54358BFC20CDED1D002F7457 /* Sources */ = {
			isa = PBXSourcesBuildPhase;
			buildActionMask = 2147483647;
			files = (
				54358C0620CDED1D002F7457 /* ViewController.swift in Sources */,
				54358C0420CDED1D002F7457 /* AppDelegate.swift in Sources */,
			);
			runOnlyForDeploymentPostprocessing = 0;
		};
/* End PBXSourcesBuildPhase section */

/* Begin PBXVariantGroup section */
		54358C0720CDED1D002F7457 /* Main.storyboard */ = {
			isa = PBXVariantGroup;
			children = (
				54358C0820CDED1D002F7457 /* Base */,
			);
			name = Main.storyboard;
			sourceTree = "<group>";
		};
		54358C0C20CDED1D002F7457 /* LaunchScreen.storyboard */ = {
			isa = PBXVariantGroup;
			children = (
				54358C0D20CDED1D002F7457 /* Base */,
			);
			name = LaunchScreen.storyboard;
			sourceTree = "<group>";
		};
/* End PBXVariantGroup section */

/* Begin XCBuildConfiguration section */
		54358C1020CDED1D002F7457 /* Debug */ = {
			isa = XCBuildConfiguration;
			buildSettings = {
				ALWAYS_SEARCH_USER_PATHS = NO;
				CLANG_ANALYZER_NONNULL = YES;
				CLANG_ANALYZER_NUMBER_OBJECT_CONVERSION = YES_AGGRESSIVE;
				CLANG_CXX_LANGUAGE_STANDARD = "gnu++14";
				CLANG_CXX_LIBRARY = "libc++";
				CLANG_ENABLE_MODULES = YES;
				CLANG_ENABLE_OBJC_ARC = YES;
				CLANG_ENABLE_OBJC_WEAK = YES;
				CLANG_WARN_BLOCK_CAPTURE_AUTORELEASING = YES;
				CLANG_WARN_BOOL_CONVERSION = YES;
				CLANG_WARN_COMMA = YES;
				CLANG_WARN_CONSTANT_CONVERSION = YES;
				CLANG_WARN_DEPRECATED_OBJC_IMPLEMENTATIONS = YES;
				CLANG_WARN_DIRECT_OBJC_ISA_USAGE = YES_ERROR;
				CLANG_WARN_DOCUMENTATION_COMMENTS = YES;
				CLANG_WARN_EMPTY_BODY = YES;
				CLANG_WARN_ENUM_CONVERSION = YES;
				CLANG_WARN_INFINITE_RECURSION = YES;
				CLANG_WARN_INT_CONVERSION = YES;
				CLANG_WARN_NON_LITERAL_NULL_CONVERSION = YES;
				CLANG_WARN_OBJC_IMPLICIT_RETAIN_SELF = YES;
				CLANG_WARN_OBJC_LITERAL_CONVERSION = YES;
				CLANG_WARN_OBJC_ROOT_CLASS = YES_ERROR;
				CLANG_WARN_RANGE_LOOP_ANALYSIS = YES;
				CLANG_WARN_STRICT_PROTOTYPES = YES;
				CLANG_WARN_SUSPICIOUS_MOVE = YES;
				CLANG_WARN_UNGUARDED_AVAILABILITY = YES_AGGRESSIVE;
				CLANG_WARN_UNREACHABLE_CODE = YES;
				CLANG_WARN__DUPLICATE_METHOD_MATCH = YES;
				CODE_SIGN_IDENTITY = "iPhone Developer";
				COPY_PHASE_STRIP = NO;
				DEBUG_INFORMATION_FORMAT = dwarf;
				ENABLE_STRICT_OBJC_MSGSEND = YES;
				ENABLE_TESTABILITY = YES;
				GCC_C_LANGUAGE_STANDARD = gnu11;
				GCC_DYNAMIC_NO_PIC = NO;
				GCC_NO_COMMON_BLOCKS = YES;
				GCC_OPTIMIZATION_LEVEL = 0;
				GCC_PREPROCESSOR_DEFINITIONS = (
					"DEBUG=1",
					"$(inherited)",
				);
				GCC_WARN_64_TO_32_BIT_CONVERSION = YES;
				GCC_WARN_ABOUT_RETURN_TYPE = YES_ERROR;
				GCC_WARN_UNDECLARED_SELECTOR = YES;
				GCC_WARN_UNINITIALIZED_AUTOS = YES_AGGRESSIVE;
				GCC_WARN_UNUSED_FUNCTION = YES;
				GCC_WARN_UNUSED_VARIABLE = YES;
				IPHONEOS_DEPLOYMENT_TARGET = 11.4;
				MTL_ENABLE_DEBUG_INFO = YES;
				ONLY_ACTIVE_ARCH = YES;
				SDKROOT = iphoneos;
				SWIFT_ACTIVE_COMPILATION_CONDITIONS = DEBUG;
				SWIFT_OPTIMIZATION_LEVEL = "-Onone";
			};
			name = Debug;
		};
		54358C1120CDED1D002F7457 /* Release */ = {
			isa = XCBuildConfiguration;
			buildSettings = {
				ALWAYS_SEARCH_USER_PATHS = NO;
				CLANG_ANALYZER_NONNULL = YES;
				CLANG_ANALYZER_NUMBER_OBJECT_CONVERSION = YES_AGGRESSIVE;
				CLANG_CXX_LANGUAGE_STANDARD = "gnu++14";
				CLANG_CXX_LIBRARY = "libc++";
				CLANG_ENABLE_MODULES = YES;
				CLANG_ENABLE_OBJC_ARC = YES;
				CLANG_ENABLE_OBJC_WEAK = YES;
				CLANG_WARN_BLOCK_CAPTURE_AUTORELEASING = YES;
				CLANG_WARN_BOOL_CONVERSION = YES;
				CLANG_WARN_COMMA = YES;
				CLANG_WARN_CONSTANT_CONVERSION = YES;
				CLANG_WARN_DEPRECATED_OBJC_IMPLEMENTATIONS = YES;
				CLANG_WARN_DIRECT_OBJC_ISA_USAGE = YES_ERROR;
				CLANG_WARN_DOCUMENTATION_COMMENTS = YES;
				CLANG_WARN_EMPTY_BODY = YES;
				CLANG_WARN_ENUM_CONVERSION = YES;
				CLANG_WARN_INFINITE_RECURSION = YES;
				CLANG_WARN_INT_CONVERSION = YES;
				CLANG_WARN_NON_LITERAL_NULL_CONVERSION = YES;
				CLANG_WARN_OBJC_IMPLICIT_RETAIN_SELF = YES;
				CLANG_WARN_OBJC_LITERAL_CONVERSION = YES;
				CLANG_WARN_OBJC_ROOT_CLASS = YES_ERROR;
				CLANG_WARN_RANGE_LOOP_ANALYSIS = YES;
				CLANG_WARN_STRICT_PROTOTYPES = YES;
				CLANG_WARN_SUSPICIOUS_MOVE = YES;
				CLANG_WARN_UNGUARDED_AVAILABILITY = YES_AGGRESSIVE;
				CLANG_WARN_UNREACHABLE_CODE = YES;
				CLANG_WARN__DUPLICATE_METHOD_MATCH = YES;
				CODE_SIGN_IDENTITY = "iPhone Developer";
				COPY_PHASE_STRIP = NO;
				DEBUG_INFORMATION_FORMAT = "dwarf-with-dsym";
				ENABLE_NS_ASSERTIONS = NO;
				ENABLE_STRICT_OBJC_MSGSEND = YES;
				GCC_C_LANGUAGE_STANDARD = gnu11;
				GCC_NO_COMMON_BLOCKS = YES;
				GCC_WARN_64_TO_32_BIT_CONVERSION = YES;
				GCC_WARN_ABOUT_RETURN_TYPE = YES_ERROR;
				GCC_WARN_UNDECLARED_SELECTOR = YES;
				GCC_WARN_UNINITIALIZED_AUTOS = YES_AGGRESSIVE;
				GCC_WARN_UNUSED_FUNCTION = YES;
				GCC_WARN_UNUSED_VARIABLE = YES;
				IPHONEOS_DEPLOYMENT_TARGET = 11.4;
				MTL_ENABLE_DEBUG_INFO = NO;
				SDKROOT = iphoneos;
				SWIFT_COMPILATION_MODE = wholemodule;
				SWIFT_OPTIMIZATION_LEVEL = "-O";
				VALIDATE_PRODUCT = YES;
			};
			name = Release;
		};
		54358C1320CDED1D002F7457 /* Debug */ = {
			isa = XCBuildConfiguration;
			buildSettings = {
				ASSETCATALOG_COMPILER_APPICON_NAME = AppIcon;
				CODE_SIGN_STYLE = Automatic;
				DEVELOPMENT_TEAM = LQW337MH2W;
				INFOPLIST_FILE = ARReset/Info.plist;
				LD_RUNPATH_SEARCH_PATHS = (
					"$(inherited)",
					"@executable_path/Frameworks",
				);
				PRODUCT_BUNDLE_IDENTIFIER = com.godlike.ARReset;
				PRODUCT_NAME = "$(TARGET_NAME)";
				SWIFT_VERSION = 4.0;
				TARGETED_DEVICE_FAMILY = "1,2";
			};
			name = Debug;
		};
		54358C1420CDED1D002F7457 /* Release */ = {
			isa = XCBuildConfiguration;
			buildSettings = {
				ASSETCATALOG_COMPILER_APPICON_NAME = AppIcon;
				CODE_SIGN_STYLE = Automatic;
				DEVELOPMENT_TEAM = LQW337MH2W;
				INFOPLIST_FILE = ARReset/Info.plist;
				LD_RUNPATH_SEARCH_PATHS = (
					"$(inherited)",
					"@executable_path/Frameworks",
				);
				PRODUCT_BUNDLE_IDENTIFIER = com.godlike.ARReset;
				PRODUCT_NAME = "$(TARGET_NAME)";
				SWIFT_VERSION = 4.0;
				TARGETED_DEVICE_FAMILY = "1,2";
			};
			name = Release;
		};
/* End XCBuildConfiguration section */

/* Begin XCConfigurationList section */
		54358BFB20CDED1D002F7457 /* Build configuration list for PBXProject "ARReset" */ = {
			isa = XCConfigurationList;
			buildConfigurations = (
				54358C1020CDED1D002F7457 /* Debug */,
				54358C1120CDED1D002F7457 /* Release */,
			);
			defaultConfigurationIsVisible = 0;
			defaultConfigurationName = Release;
		};
		54358C1220CDED1D002F7457 /* Build configuration list for PBXNativeTarget "ARReset" */ = {
			isa = XCConfigurationList;
			buildConfigurations = (
				54358C1320CDED1D002F7457 /* Debug */,
				54358C1420CDED1D002F7457 /* Release */,
			);
			defaultConfigurationIsVisible = 0;
			defaultConfigurationName = Release;
		};
/* End XCConfigurationList section */
	};
	rootObject = 54358BF820CDED1D002F7457 /* Project object */;
}
